
Microsoft Visual Studio Solution File, Format Version 12.00
# Visual Studio 15
VisualStudioVersion = 15.0.27703.2047
MinimumVisualStudioVersion = 10.0.40219.1
Project("{FAE04EC0-301F-11D3-BF4B-00C04F79EFBC}") = "ValueConverters", "ValueConverters.csproj", "{793CBD14-E613-47B9-A80C-0F169BF2DB9C}"
EndProject
Project("{FAE04EC0-301F-11D3-BF4B-00C04F79EFBC}") = "NonValueConverter", "..\NonValueConverter\NonValueConverter.csproj", "{53CB9BB7-D1A5-43B6-8F12-743AA4332BDE}"
EndProject
Global
	GlobalSection(SolutionConfigurationPlatforms) = preSolution
		Debug|Any CPU = Debug|Any CPU
		Release|Any CPU = Release|Any CPU
	EndGlobalSection
	GlobalSection(ProjectConfigurationPlatforms) = postSolution
		{793CBD14-E613-47B9-A80C-0F169BF2DB9C}.Debug|Any CPU.ActiveCfg = Debug|Any CPU
		{793CBD14-E613-47B9-A80C-0F169BF2DB9C}.Debug|Any CPU.Build.0 = Debug|Any CPU
		{793CBD14-E613-47B9-A80C-0F169BF2DB9C}.Release|Any CPU.ActiveCfg = Release|Any CPU
		{793CBD14-E613-47B9-A80C-0F169BF2DB9C}.Release|Any CPU.Build.0 = Release|Any CPU
		{53CB9BB7-D1A5-43B6-8F12-743AA4332BDE}.Debug|Any CPU.ActiveCfg = Debug|Any CPU
		{53CB9BB7-D1A5-43B6-8F12-743AA4332BDE}.Debug|Any CPU.Build.0 = Debug|Any CPU
		{53CB9BB7-D1A5-43B6-8F12-743AA4332BDE}.Release|Any CPU.ActiveCfg = Release|Any CPU
		{53CB9BB7-D1A5-43B6-8F12-743AA4332BDE}.Release|Any CPU.Build.0 = Release|Any CPU
	EndGlobalSection
	GlobalSection(SolutionProperties) = preSolution
		HideSolutionNode = FALSE
	EndGlobalSection
	GlobalSection(ExtensibilityGlobals) = postSolution
		SolutionGuid = {044A2237-3200-4BCC-A7DA-AA969F5EB039}
	EndGlobalSection
EndGlobal
